
Microsoft Visual Studio Solution File, Format Version 12.00
# Visual Studio Version 17
VisualStudioVersion = 17.7.34031.279
MinimumVisualStudioVersion = 10.0.40219.1
Project("{FAE04EC0-301F-11D3-BF4B-00C04F79EFBC}") = "Lab_1", "Lab_1\Lab_1.csproj", "{3875D438-BC11-4CBF-A2B7-62064E39B253}"
EndProject
Global
	GlobalSection(SolutionConfigurationPlatforms) = preSolution
		Debug|Any CPU = Debug|Any CPU
		Release|Any CPU = Release|Any CPU
	EndGlobalSection
	GlobalSection(ProjectConfigurationPlatforms) = postSolution
		{3875D438-BC11-4CBF-A2B7-62064E39B253}.Debug|Any CPU.ActiveCfg = Debug|Any CPU
		{3875D438-BC11-4CBF-A2B7-62064E39B253}.Debug|Any CPU.Build.0 = Debug|Any CPU
		{3875D438-BC11-4CBF-A2B7-62064E39B253}.Release|Any CPU.ActiveCfg = Release|Any CPU
		{3875D438-BC11-4CBF-A2B7-62064E39B253}.Release|Any CPU.Build.0 = Release|Any CPU
	EndGlobalSection
	GlobalSection(SolutionProperties) = preSolution
		HideSolutionNode = FALSE
	EndGlobalSection
	GlobalSection(ExtensibilityGlobals) = postSolution
		SolutionGuid = {513C0ECA-8454-461E-A585-89A8188A937A}
	EndGlobalSection
EndGlobal
